// !$*UTF8*$!
{
	archiveVersion = 1;
	classes = {
	};
	objectVersion = 48;
	objects = {

/* Begin PBXBuildFile section */
		92E8AE6F2039FD96002D22E7 /* AppDelegate.swift in Sources */ = {isa = PBXBuildFile; fileRef = 92E8AE6E2039FD96002D22E7 /* AppDelegate.swift */; };
		92E8AE712039FD96002D22E7 /* ViewController.swift in Sources */ = {isa = PBXBuildFile; fileRef = 92E8AE702039FD96002D22E7 /* ViewController.swift */; };
		92E8AE742039FD96002D22E7 /* Main.storyboard in Resources */ = {isa = PBXBuildFile; fileRef = 92E8AE722039FD96002D22E7 /* Main.storyboard */; };
		92E8AE762039FD96002D22E7 /* Assets.xcassets in Resources */ = {isa = PBXBuildFile; fileRef = 92E8AE752039FD96002D22E7 /* Assets.xcassets */; };
		92E8AE792039FD96002D22E7 /* LaunchScreen.storyboard in Resources */ = {isa = PBXBuildFile; fileRef = 92E8AE772039FD96002D22E7 /* LaunchScreen.storyboard */; };
/* End PBXBuildFile section */

/* Begin PBXFileReference section */
		92E8AE6B2039FD96002D22E7 /* IOS_Task.app */ = {isa = PBXFileReference; explicitFileType = wrapper.application; includeInIndex = 0; path = IOS_Task.app; sourceTree = BUILT_PRODUCTS_DIR; };
		92E8AE6E2039FD96002D22E7 /* AppDelegate.swift */ = {isa = PBXFileReference; lastKnownFileType = sourcecode.swift; path = AppDelegate.swift; sourceTree = "<group>"; };
		92E8AE702039FD96002D22E7 /* ViewController.swift */ = {isa = PBXFileReference; lastKnownFileType = sourcecode.swift; path = ViewController.swift; sourceTree = "<group>"; };
		92E8AE732039FD96002D22E7 /* Base */ = {isa = PBXFileReference; lastKnownFileType = file.storyboard; name = Base; path = Base.lproj/Main.storyboard; sourceTree = "<group>"; };
		92E8AE752039FD96002D22E7 /* Assets.xcassets */ = {isa = PBXFileReference; lastKnownFileType = folder.assetcatalog; path = Assets.xcassets; sourceTree = "<group>"; };
		92E8AE782039FD96002D22E7 /* Base */ = {isa = PBXFileReference; lastKnownFileType = file.storyboard; name = Base; path = Base.lproj/LaunchScreen.storyboard; sourceTree = "<group>"; };
		92E8AE7A2039FD96002D22E7 /* Info.plist */ = {isa = PBXFileReference; lastKnownFileType = text.plist.xml; path = Info.plist; sourceTree = "<group>"; };
/* End PBXFileReference section */

/* Begin PBXFrameworksBuildPhase section */
		92E8AE682039FD96002D22E7 /* Frameworks */ = {
			isa = PBXFrameworksBuildPhase;
			buildActionMask = 2147483647;
			files = (
			);
			runOnlyForDeploymentPostprocessing = 0;
		};
/* End PBXFrameworksBuildPhase section */

/* Begin PBXGroup section */
		92E8AE622039FD96002D22E7 = {
			isa = PBXGroup;
			children = (
				92E8AE6D2039FD96002D22E7 /* IOS_Task */,
				92E8AE6C2039FD96002D22E7 /* Products */,
			);
			sourceTree = "<group>";
		};
		92E8AE6C2039FD96002D22E7 /* Products */ = {
			isa = PBXGroup;
			children = (
				92E8AE6B2039FD96002D22E7 /* IOS_Task.app */,
			);
			name = Products;
			sourceTree = "<group>";
		};
		92E8AE6D2039FD96002D22E7 /* IOS_Task */ = {
			isa = PBXGroup;
			children = (
				92E8AE6E2039FD96002D22E7 /* AppDelegate.swift */,
				92E8AE702039FD96002D22E7 /* ViewController.swift */,
				92E8AE722039FD96002D22E7 /* Main.storyboard */,
				92E8AE752039FD96002D22E7 /* Assets.xcassets */,
				92E8AE772039FD96002D22E7 /* LaunchScreen.storyboard */,
				92E8AE7A2039FD96002D22E7 /* Info.plist */,
			);
			path = IOS_Task;
			sourceTree = "<group>";
		};
/* End PBXGroup section */

/* Begin PBXNativeTarget section */
		92E8AE6A2039FD96002D22E7 /* IOS_Task */ = {
			isa = PBXNativeTarget;
			buildConfigurationList = 92E8AE7D2039FD96002D22E7 /* Build configuration list for PBXNativeTarget "IOS_Task" */;
			buildPhases = (
				92E8AE672039FD96002D22E7 /* Sources */,
				92E8AE682039FD96002D22E7 /* Frameworks */,
				92E8AE692039FD96002D22E7 /* Resources */,
			);
			buildRules = (
			);
			dependencies = (
			);
			name = IOS_Task;
			productName = IOS_Task;
			productReference = 92E8AE6B2039FD96002D22E7 /* IOS_Task.app */;
			productType = "com.apple.product-type.application";
		};
/* End PBXNativeTarget section */

/* Begin PBXProject section */
		92E8AE632039FD96002D22E7 /* Project object */ = {
			isa = PBXProject;
			attributes = {
				LastSwiftUpdateCheck = 0920;
				LastUpgradeCheck = 0920;
				ORGANIZATIONNAME = "Heema Boss";
				TargetAttributes = {
					92E8AE6A2039FD96002D22E7 = {
						CreatedOnToolsVersion = 9.2;
						ProvisioningStyle = Automatic;
					};
				};
			};
			buildConfigurationList = 92E8AE662039FD96002D22E7 /* Build configuration list for PBXProject "IOS_Task" */;
			compatibilityVersion = "Xcode 8.0";
			developmentRegion = en;
			hasScannedForEncodings = 0;
			knownRegions = (
				en,
				Base,
			);
			mainGroup = 92E8AE622039FD96002D22E7;
			productRefGroup = 92E8AE6C2039FD96002D22E7 /* Products */;
			projectDirPath = "";
			projectRoot = "";
			targets = (
				92E8AE6A2039FD96002D22E7 /* IOS_Task */,
			);
		};
/* End PBXProject section */

/* Begin PBXResourcesBuildPhase section */
		92E8AE692039FD96002D22E7 /* Resources */ = {
			isa = PBXResourcesBuildPhase;
			buildActionMask = 2147483647;
			files = (
				92E8AE792039FD96002D22E7 /* LaunchScreen.storyboard in Resources */,
				92E8AE762039FD96002D22E7 /* Assets.xcassets in Resources */,
				92E8AE742039FD96002D22E7 /* Main.storyboard in Resources */,
			);
			runOnlyForDeploymentPostprocessing = 0;
		};
/* End PBXResourcesBuildPhase section */

/* Begin PBXSourcesBuildPhase section */
		92E8AE672039FD96002D22E7 /* Sources */ = {
			isa = PBXSourcesBuildPhase;
			buildActionMask = 2147483647;
			files = (
				92E8AE712039FD96002D22E7 /* ViewController.swift in Sources */,
				92E8AE6F2039FD96002D22E7 /* AppDelegate.swift in Sources */,
			);
			runOnlyForDeploymentPostprocessing = 0;
		};
/* End PBXSourcesBuildPhase section */

/* Begin PBXVariantGroup section */
		92E8AE722039FD96002D22E7 /* Main.storyboard */ = {
			isa = PBXVariantGroup;
			children = (
				92E8AE732039FD96002D22E7 /* Base */,
			);
			name = Main.storyboard;
			sourceTree = "<group>";
		};
		92E8AE772039FD96002D22E7 /* LaunchScreen.storyboard */ = {
			isa = PBXVariantGroup;
			children = (
				92E8AE782039FD96002D22E7 /* Base */,
			);
			name = LaunchScreen.storyboard;
			sourceTree = "<group>";
		};
/* End PBXVariantGroup section */

/* Begin XCBuildConfiguration section */
		92E8AE7B2039FD96002D22E7 /* Debug */ = {
			isa = XCBuildConfiguration;
			buildSettings = {
				ALWAYS_SEARCH_USER_PATHS = NO;
				CLANG_ANALYZER_NONNULL = YES;
				CLANG_ANALYZER_NUMBER_OBJECT_CONVERSION = YES_AGGRESSIVE;
				CLANG_CXX_LANGUAGE_STANDARD = "gnu++14";
				CLANG_CXX_LIBRARY = "libc++";
				CLANG_ENABLE_MODULES = YES;
				CLANG_ENABLE_OBJC_ARC = YES;
				CLANG_WARN_BLOCK_CAPTURE_AUTORELEASING = YES;
				CLANG_WARN_BOOL_CONVERSION = YES;
				CLANG_WARN_COMMA = YES;
				CLANG_WARN_CONSTANT_CONVERSION = YES;
				CLANG_WARN_DIRECT_OBJC_ISA_USAGE = YES_ERROR;
				CLANG_WARN_DOCUMENTATION_COMMENTS = YES;
				CLANG_WARN_EMPTY_BODY = YES;
				CLANG_WARN_ENUM_CONVERSION = YES;
				CLANG_WARN_INFINITE_RECURSION = YES;
				CLANG_WARN_INT_CONVERSION = YES;
				CLANG_WARN_NON_LITERAL_NULL_CONVERSION = YES;
				CLANG_WARN_OBJC_LITERAL_CONVERSION = YES;
				CLANG_WARN_OBJC_ROOT_CLASS = YES_ERROR;
				CLANG_WARN_RANGE_LOOP_ANALYSIS = YES;
				CLANG_WARN_STRICT_PROTOTYPES = YES;
				CLANG_WARN_SUSPICIOUS_MOVE = YES;
				CLANG_WARN_UNGUARDED_AVAILABILITY = YES_AGGRESSIVE;
				CLANG_WARN_UNREACHABLE_CODE = YES;
				CLANG_WARN__DUPLICATE_METHOD_MATCH = YES;
				CODE_SIGN_IDENTITY = "iPhone Developer";
				COPY_PHASE_STRIP = NO;
				DEBUG_INFORMATION_FORMAT = dwarf;
				ENABLE_STRICT_OBJC_MSGSEND = YES;
				ENABLE_TESTABILITY = YES;
				GCC_C_LANGUAGE_STANDARD = gnu11;
				GCC_DYNAMIC_NO_PIC = NO;
				GCC_NO_COMMON_BLOCKS = YES;
				GCC_OPTIMIZATION_LEVEL = 0;
				GCC_PREPROCESSOR_DEFINITIONS = (
					"DEBUG=1",
					"$(inherited)",
				);
				GCC_WARN_64_TO_32_BIT_CONVERSION = YES;
				GCC_WARN_ABOUT_RETURN_TYPE = YES_ERROR;
				GCC_WARN_UNDECLARED_SELECTOR = YES;
				GCC_WARN_UNINITIALIZED_AUTOS = YES_AGGRESSIVE;
				GCC_WARN_UNUSED_FUNCTION = YES;
				GCC_WARN_UNUSED_VARIABLE = YES;
				IPHONEOS_DEPLOYMENT_TARGET = 11.2;
				MTL_ENABLE_DEBUG_INFO = YES;
				ONLY_ACTIVE_ARCH = YES;
				SDKROOT = iphoneos;
				SWIFT_ACTIVE_COMPILATION_CONDITIONS = DEBUG;
				SWIFT_OPTIMIZATION_LEVEL = "-Onone";
			};
			name = Debug;
		};
		92E8AE7C2039FD96002D22E7 /* Release */ = {
			isa = XCBuildConfiguration;
			buildSettings = {
				ALWAYS_SEARCH_USER_PATHS = NO;
				CLANG_ANALYZER_NONNULL = YES;
				CLANG_ANALYZER_NUMBER_OBJECT_CONVERSION = YES_AGGRESSIVE;
				CLANG_CXX_LANGUAGE_STANDARD = "gnu++14";
				CLANG_CXX_LIBRARY = "libc++";
				CLANG_ENABLE_MODULES = YES;
				CLANG_ENABLE_OBJC_ARC = YES;
				CLANG_WARN_BLOCK_CAPTURE_AUTORELEASING = YES;
				CLANG_WARN_BOOL_CONVERSION = YES;
				CLANG_WARN_COMMA = YES;
				CLANG_WARN_CONSTANT_CONVERSION = YES;
				CLANG_WARN_DIRECT_OBJC_ISA_USAGE = YES_ERROR;
				CLANG_WARN_DOCUMENTATION_COMMENTS = YES;
				CLANG_WARN_EMPTY_BODY = YES;
				CLANG_WARN_ENUM_CONVERSION = YES;
				CLANG_WARN_INFINITE_RECURSION = YES;
				CLANG_WARN_INT_CONVERSION = YES;
				CLANG_WARN_NON_LITERAL_NULL_CONVERSION = YES;
				CLANG_WARN_OBJC_LITERAL_CONVERSION = YES;
				CLANG_WARN_OBJC_ROOT_CLASS = YES_ERROR;
				CLANG_WARN_RANGE_LOOP_ANALYSIS = YES;
				CLANG_WARN_STRICT_PROTOTYPES = YES;
				CLANG_WARN_SUSPICIOUS_MOVE = YES;
				CLANG_WARN_UNGUARDED_AVAILABILITY = YES_AGGRESSIVE;
				CLANG_WARN_UNREACHABLE_CODE = YES;
				CLANG_WARN__DUPLICATE_METHOD_MATCH = YES;
				CODE_SIGN_IDENTITY = "iPhone Developer";
				COPY_PHASE_STRIP = NO;
				DEBUG_INFORMATION_FORMAT = "dwarf-with-dsym";
				ENABLE_NS_ASSERTIONS = NO;
				ENABLE_STRICT_OBJC_MSGSEND = YES;
				GCC_C_LANGUAGE_STANDARD = gnu11;
				GCC_NO_COMMON_BLOCKS = YES;
				GCC_WARN_64_TO_32_BIT_CONVERSION = YES;
				GCC_WARN_ABOUT_RETURN_TYPE = YES_ERROR;
				GCC_WARN_UNDECLARED_SELECTOR = YES;
				GCC_WARN_UNINITIALIZED_AUTOS = YES_AGGRESSIVE;
				GCC_WARN_UNUSED_FUNCTION = YES;
				GCC_WARN_UNUSED_VARIABLE = YES;
				IPHONEOS_DEPLOYMENT_TARGET = 11.2;
				MTL_ENABLE_DEBUG_INFO = NO;
				SDKROOT = iphoneos;
				SWIFT_OPTIMIZATION_LEVEL = "-Owholemodule";
				VALIDATE_PRODUCT = YES;
			};
			name = Release;
		};
		92E8AE7E2039FD96002D22E7 /* Debug */ = {
			isa = XCBuildConfiguration;
			buildSettings = {
				ASSETCATALOG_COMPILER_APPICON_NAME = AppIcon;
				CODE_SIGN_STYLE = Automatic;
				DEVELOPMENT_TEAM = EZMY92L3R2;
				INFOPLIST_FILE = IOS_Task/Info.plist;
				LD_RUNPATH_SEARCH_PATHS = "$(inherited) @executable_path/Frameworks";
				PRODUCT_BUNDLE_IDENTIFIER = "com.abuhadba.IOS-Task";
				PRODUCT_NAME = "$(TARGET_NAME)";
				SWIFT_VERSION = 4.0;
				TARGETED_DEVICE_FAMILY = "1,2";
			};
			name = Debug;
		};
		92E8AE7F2039FD96002D22E7 /* Release */ = {
			isa = XCBuildConfiguration;
			buildSettings = {
				ASSETCATALOG_COMPILER_APPICON_NAME = AppIcon;
				CODE_SIGN_STYLE = Automatic;
				DEVELOPMENT_TEAM = EZMY92L3R2;
				INFOPLIST_FILE = IOS_Task/Info.plist;
				LD_RUNPATH_SEARCH_PATHS = "$(inherited) @executable_path/Frameworks";
				PRODUCT_BUNDLE_IDENTIFIER = "com.abuhadba.IOS-Task";
				PRODUCT_NAME = "$(TARGET_NAME)";
				SWIFT_VERSION = 4.0;
				TARGETED_DEVICE_FAMILY = "1,2";
			};
			name = Release;
		};
/* End XCBuildConfiguration section */

/* Begin XCConfigurationList section */
		92E8AE662039FD96002D22E7 /* Build configuration list for PBXProject "IOS_Task" */ = {
			isa = XCConfigurationList;
			buildConfigurations = (
				92E8AE7B2039FD96002D22E7 /* Debug */,
				92E8AE7C2039FD96002D22E7 /* Release */,
			);
			defaultConfigurationIsVisible = 0;
			defaultConfigurationName = Release;
		};
		92E8AE7D2039FD96002D22E7 /* Build configuration list for PBXNativeTarget "IOS_Task" */ = {
			isa = XCConfigurationList;
			buildConfigurations = (
				92E8AE7E2039FD96002D22E7 /* Debug */,
				92E8AE7F2039FD96002D22E7 /* Release */,
			);
			defaultConfigurationIsVisible = 0;
			defaultConfigurationName = Release;
		};
/* End XCConfigurationList section */
	};
	rootObject = 92E8AE632039FD96002D22E7 /* Project object */;
}
